
Microsoft Visual Studio Solution File, Format Version 12.00
# Visual Studio 15
VisualStudioVersion = 15.0.27703.2026
MinimumVisualStudioVersion = 10.0.40219.1
Project("{FAE04EC0-301F-11D3-BF4B-00C04F79EFBC}") = "Muzyk", "Muzyk\Muzyk.csproj", "{0D3681E3-0153-48F5-BEA5-9BB85DAF1A95}"
EndProject
Project("{E53339B2-1760-4266-BCC7-CA923CBCF16C}") = "docker-compose", "docker-compose.dcproj", "{D21F0482-E308-4736-937A-33DF95A05F4F}"
EndProject
Global
	GlobalSection(SolutionConfigurationPlatforms) = preSolution
		Debug|Any CPU = Debug|Any CPU
		Release|Any CPU = Release|Any CPU
	EndGlobalSection
	GlobalSection(ProjectConfigurationPlatforms) = postSolution
		{0D3681E3-0153-48F5-BEA5-9BB85DAF1A95}.Debug|Any CPU.ActiveCfg = Debug|Any CPU
		{0D3681E3-0153-48F5-BEA5-9BB85DAF1A95}.Debug|Any CPU.Build.0 = Debug|Any CPU
		{0D3681E3-0153-48F5-BEA5-9BB85DAF1A95}.Release|Any CPU.ActiveCfg = Release|Any CPU
		{0D3681E3-0153-48F5-BEA5-9BB85DAF1A95}.Release|Any CPU.Build.0 = Release|Any CPU
		{D21F0482-E308-4736-937A-33DF95A05F4F}.Debug|Any CPU.ActiveCfg = Debug|Any CPU
		{D21F0482-E308-4736-937A-33DF95A05F4F}.Debug|Any CPU.Build.0 = Debug|Any CPU
		{D21F0482-E308-4736-937A-33DF95A05F4F}.Release|Any CPU.ActiveCfg = Release|Any CPU
		{D21F0482-E308-4736-937A-33DF95A05F4F}.Release|Any CPU.Build.0 = Release|Any CPU
	EndGlobalSection
	GlobalSection(SolutionProperties) = preSolution
		HideSolutionNode = FALSE
	EndGlobalSection
	GlobalSection(ExtensibilityGlobals) = postSolution
		SolutionGuid = {897813D1-D243-4531-89AE-181A3163D15C}
	EndGlobalSection
EndGlobal
